
Microsoft Visual Studio Solution File, Format Version 12.00
# Visual Studio Version 17
VisualStudioVersion = 17.11.35208.52
MinimumVisualStudioVersion = 10.0.40219.1
Project("{FAE04EC0-301F-11D3-BF4B-00C04F79EFBC}") = "CityInfo.Api", "CityInfo.Api\CityInfo.Api.csproj", "{E702B7E3-5134-4ADC-9D34-3846172FF1B8}"
EndProject
Global
	GlobalSection(SolutionConfigurationPlatforms) = preSolution
		Debug|Any CPU = Debug|Any CPU
		Release|Any CPU = Release|Any CPU
	EndGlobalSection
	GlobalSection(ProjectConfigurationPlatforms) = postSolution
		{E702B7E3-5134-4ADC-9D34-3846172FF1B8}.Debug|Any CPU.ActiveCfg = Debug|Any CPU
		{E702B7E3-5134-4ADC-9D34-3846172FF1B8}.Debug|Any CPU.Build.0 = Debug|Any CPU
		{E702B7E3-5134-4ADC-9D34-3846172FF1B8}.Release|Any CPU.ActiveCfg = Release|Any CPU
		{E702B7E3-5134-4ADC-9D34-3846172FF1B8}.Release|Any CPU.Build.0 = Release|Any CPU
	EndGlobalSection
	GlobalSection(SolutionProperties) = preSolution
		HideSolutionNode = FALSE
	EndGlobalSection
	GlobalSection(ExtensibilityGlobals) = postSolution
		SolutionGuid = {43C4C5A7-63B3-40A3-8CDB-5AF5C581FCDF}
	EndGlobalSection
EndGlobal
